// !$*UTF8*$!
{
	archiveVersion = 1;
	classes = {
	};
	objectVersion = 50;
	objects = {

/* Begin PBXBuildFile section */
		B5136D0923465ECB005AD936 /* AppDelegate.swift in Sources */ = {isa = PBXBuildFile; fileRef = B5136D0823465ECB005AD936 /* AppDelegate.swift */; };
		B5136D0B23465ECB005AD936 /* SceneDelegate.swift in Sources */ = {isa = PBXBuildFile; fileRef = B5136D0A23465ECB005AD936 /* SceneDelegate.swift */; };
		B5136D0D23465ECB005AD936 /* MasterViewController.swift in Sources */ = {isa = PBXBuildFile; fileRef = B5136D0C23465ECB005AD936 /* MasterViewController.swift */; };
		B5136D0F23465ECB005AD936 /* DetailViewController.swift in Sources */ = {isa = PBXBuildFile; fileRef = B5136D0E23465ECB005AD936 /* DetailViewController.swift */; };
		B5136D1223465ECB005AD936 /* Main.storyboard in Resources */ = {isa = PBXBuildFile; fileRef = B5136D1023465ECB005AD936 /* Main.storyboard */; };
		B5136D1423465ECC005AD936 /* Assets.xcassets in Resources */ = {isa = PBXBuildFile; fileRef = B5136D1323465ECC005AD936 /* Assets.xcassets */; };
		B5136D1723465ECC005AD936 /* LaunchScreen.storyboard in Resources */ = {isa = PBXBuildFile; fileRef = B5136D1523465ECC005AD936 /* LaunchScreen.storyboard */; };
/* End PBXBuildFile section */

/* Begin PBXFileReference section */
		B5136D0523465ECB005AD936 /* Splitter.app */ = {isa = PBXFileReference; explicitFileType = wrapper.application; includeInIndex = 0; path = Splitter.app; sourceTree = BUILT_PRODUCTS_DIR; };
		B5136D0823465ECB005AD936 /* AppDelegate.swift */ = {isa = PBXFileReference; lastKnownFileType = sourcecode.swift; path = AppDelegate.swift; sourceTree = "<group>"; };
		B5136D0A23465ECB005AD936 /* SceneDelegate.swift */ = {isa = PBXFileReference; lastKnownFileType = sourcecode.swift; path = SceneDelegate.swift; sourceTree = "<group>"; };
		B5136D0C23465ECB005AD936 /* MasterViewController.swift */ = {isa = PBXFileReference; lastKnownFileType = sourcecode.swift; path = MasterViewController.swift; sourceTree = "<group>"; };
		B5136D0E23465ECB005AD936 /* DetailViewController.swift */ = {isa = PBXFileReference; lastKnownFileType = sourcecode.swift; path = DetailViewController.swift; sourceTree = "<group>"; };
		B5136D1123465ECB005AD936 /* Base */ = {isa = PBXFileReference; lastKnownFileType = file.storyboard; name = Base; path = Base.lproj/Main.storyboard; sourceTree = "<group>"; };
		B5136D1323465ECC005AD936 /* Assets.xcassets */ = {isa = PBXFileReference; lastKnownFileType = folder.assetcatalog; path = Assets.xcassets; sourceTree = "<group>"; };
		B5136D1623465ECC005AD936 /* Base */ = {isa = PBXFileReference; lastKnownFileType = file.storyboard; name = Base; path = Base.lproj/LaunchScreen.storyboard; sourceTree = "<group>"; };
		B5136D1823465ECC005AD936 /* Info.plist */ = {isa = PBXFileReference; lastKnownFileType = text.plist.xml; path = Info.plist; sourceTree = "<group>"; };
/* End PBXFileReference section */

/* Begin PBXFrameworksBuildPhase section */
		B5136D0223465ECB005AD936 /* Frameworks */ = {
			isa = PBXFrameworksBuildPhase;
			buildActionMask = 2147483647;
			files = (
			);
			runOnlyForDeploymentPostprocessing = 0;
		};
/* End PBXFrameworksBuildPhase section */

/* Begin PBXGroup section */
		B5136CFC23465ECB005AD936 = {
			isa = PBXGroup;
			children = (
				B5136D0723465ECB005AD936 /* Splitter */,
				B5136D0623465ECB005AD936 /* Products */,
			);
			sourceTree = "<group>";
		};
		B5136D0623465ECB005AD936 /* Products */ = {
			isa = PBXGroup;
			children = (
				B5136D0523465ECB005AD936 /* Splitter.app */,
			);
			name = Products;
			sourceTree = "<group>";
		};
		B5136D0723465ECB005AD936 /* Splitter */ = {
			isa = PBXGroup;
			children = (
				B5136D0823465ECB005AD936 /* AppDelegate.swift */,
				B5136D0A23465ECB005AD936 /* SceneDelegate.swift */,
				B5136D0C23465ECB005AD936 /* MasterViewController.swift */,
				B5136D0E23465ECB005AD936 /* DetailViewController.swift */,
				B5136D1023465ECB005AD936 /* Main.storyboard */,
				B5136D1323465ECC005AD936 /* Assets.xcassets */,
				B5136D1523465ECC005AD936 /* LaunchScreen.storyboard */,
				B5136D1823465ECC005AD936 /* Info.plist */,
			);
			path = Splitter;
			sourceTree = "<group>";
		};
/* End PBXGroup section */

/* Begin PBXNativeTarget section */
		B5136D0423465ECB005AD936 /* Splitter */ = {
			isa = PBXNativeTarget;
			buildConfigurationList = B5136D1B23465ECC005AD936 /* Build configuration list for PBXNativeTarget "Splitter" */;
			buildPhases = (
				B5136D0123465ECB005AD936 /* Sources */,
				B5136D0223465ECB005AD936 /* Frameworks */,
				B5136D0323465ECB005AD936 /* Resources */,
			);
			buildRules = (
			);
			dependencies = (
			);
			name = Splitter;
			productName = Splitter;
			productReference = B5136D0523465ECB005AD936 /* Splitter.app */;
			productType = "com.apple.product-type.application";
		};
/* End PBXNativeTarget section */

/* Begin PBXProject section */
		B5136CFD23465ECB005AD936 /* Project object */ = {
			isa = PBXProject;
			attributes = {
				LastSwiftUpdateCheck = 1100;
				LastUpgradeCheck = 1100;
				ORGANIZATIONNAME = "Mahesh Prasad";
				TargetAttributes = {
					B5136D0423465ECB005AD936 = {
						CreatedOnToolsVersion = 11.0;
					};
				};
			};
			buildConfigurationList = B5136D0023465ECB005AD936 /* Build configuration list for PBXProject "Splitter" */;
			compatibilityVersion = "Xcode 9.3";
			developmentRegion = en;
			hasScannedForEncodings = 0;
			knownRegions = (
				en,
				Base,
			);
			mainGroup = B5136CFC23465ECB005AD936;
			productRefGroup = B5136D0623465ECB005AD936 /* Products */;
			projectDirPath = "";
			projectRoot = "";
			targets = (
				B5136D0423465ECB005AD936 /* Splitter */,
			);
		};
/* End PBXProject section */

/* Begin PBXResourcesBuildPhase section */
		B5136D0323465ECB005AD936 /* Resources */ = {
			isa = PBXResourcesBuildPhase;
			buildActionMask = 2147483647;
			files = (
				B5136D1723465ECC005AD936 /* LaunchScreen.storyboard in Resources */,
				B5136D1423465ECC005AD936 /* Assets.xcassets in Resources */,
				B5136D1223465ECB005AD936 /* Main.storyboard in Resources */,
			);
			runOnlyForDeploymentPostprocessing = 0;
		};
/* End PBXResourcesBuildPhase section */

/* Begin PBXSourcesBuildPhase section */
		B5136D0123465ECB005AD936 /* Sources */ = {
			isa = PBXSourcesBuildPhase;
			buildActionMask = 2147483647;
			files = (
				B5136D0923465ECB005AD936 /* AppDelegate.swift in Sources */,
				B5136D0B23465ECB005AD936 /* SceneDelegate.swift in Sources */,
				B5136D0D23465ECB005AD936 /* MasterViewController.swift in Sources */,
				B5136D0F23465ECB005AD936 /* DetailViewController.swift in Sources */,
			);
			runOnlyForDeploymentPostprocessing = 0;
		};
/* End PBXSourcesBuildPhase section */

/* Begin PBXVariantGroup section */
		B5136D1023465ECB005AD936 /* Main.storyboard */ = {
			isa = PBXVariantGroup;
			children = (
				B5136D1123465ECB005AD936 /* Base */,
			);
			name = Main.storyboard;
			sourceTree = "<group>";
		};
		B5136D1523465ECC005AD936 /* LaunchScreen.storyboard */ = {
			isa = PBXVariantGroup;
			children = (
				B5136D1623465ECC005AD936 /* Base */,
			);
			name = LaunchScreen.storyboard;
			sourceTree = "<group>";
		};
/* End PBXVariantGroup section */

/* Begin XCBuildConfiguration section */
		B5136D1923465ECC005AD936 /* Debug */ = {
			isa = XCBuildConfiguration;
			buildSettings = {
				ALWAYS_SEARCH_USER_PATHS = NO;
				CLANG_ANALYZER_NONNULL = YES;
				CLANG_ANALYZER_NUMBER_OBJECT_CONVERSION = YES_AGGRESSIVE;
				CLANG_CXX_LANGUAGE_STANDARD = "gnu++14";
				CLANG_CXX_LIBRARY = "libc++";
				CLANG_ENABLE_MODULES = YES;
				CLANG_ENABLE_OBJC_ARC = YES;
				CLANG_ENABLE_OBJC_WEAK = YES;
				CLANG_WARN_BLOCK_CAPTURE_AUTORELEASING = YES;
				CLANG_WARN_BOOL_CONVERSION = YES;
				CLANG_WARN_COMMA = YES;
				CLANG_WARN_CONSTANT_CONVERSION = YES;
				CLANG_WARN_DEPRECATED_OBJC_IMPLEMENTATIONS = YES;
				CLANG_WARN_DIRECT_OBJC_ISA_USAGE = YES_ERROR;
				CLANG_WARN_DOCUMENTATION_COMMENTS = YES;
				CLANG_WARN_EMPTY_BODY = YES;
				CLANG_WARN_ENUM_CONVERSION = YES;
				CLANG_WARN_INFINITE_RECURSION = YES;
				CLANG_WARN_INT_CONVERSION = YES;
				CLANG_WARN_NON_LITERAL_NULL_CONVERSION = YES;
				CLANG_WARN_OBJC_IMPLICIT_RETAIN_SELF = YES;
				CLANG_WARN_OBJC_LITERAL_CONVERSION = YES;
				CLANG_WARN_OBJC_ROOT_CLASS = YES_ERROR;
				CLANG_WARN_RANGE_LOOP_ANALYSIS = YES;
				CLANG_WARN_STRICT_PROTOTYPES = YES;
				CLANG_WARN_SUSPICIOUS_MOVE = YES;
				CLANG_WARN_UNGUARDED_AVAILABILITY = YES_AGGRESSIVE;
				CLANG_WARN_UNREACHABLE_CODE = YES;
				CLANG_WARN__DUPLICATE_METHOD_MATCH = YES;
				COPY_PHASE_STRIP = NO;
				DEBUG_INFORMATION_FORMAT = dwarf;
				ENABLE_STRICT_OBJC_MSGSEND = YES;
				ENABLE_TESTABILITY = YES;
				GCC_C_LANGUAGE_STANDARD = gnu11;
				GCC_DYNAMIC_NO_PIC = NO;
				GCC_NO_COMMON_BLOCKS = YES;
				GCC_OPTIMIZATION_LEVEL = 0;
				GCC_PREPROCESSOR_DEFINITIONS = (
					"DEBUG=1",
					"$(inherited)",
				);
				GCC_WARN_64_TO_32_BIT_CONVERSION = YES;
				GCC_WARN_ABOUT_RETURN_TYPE = YES_ERROR;
				GCC_WARN_UNDECLARED_SELECTOR = YES;
				GCC_WARN_UNINITIALIZED_AUTOS = YES_AGGRESSIVE;
				GCC_WARN_UNUSED_FUNCTION = YES;
				GCC_WARN_UNUSED_VARIABLE = YES;
				IPHONEOS_DEPLOYMENT_TARGET = 13.0;
				MTL_ENABLE_DEBUG_INFO = INCLUDE_SOURCE;
				MTL_FAST_MATH = YES;
				ONLY_ACTIVE_ARCH = YES;
				SDKROOT = iphoneos;
				SWIFT_ACTIVE_COMPILATION_CONDITIONS = DEBUG;
				SWIFT_OPTIMIZATION_LEVEL = "-Onone";
			};
			name = Debug;
		};
		B5136D1A23465ECC005AD936 /* Release */ = {
			isa = XCBuildConfiguration;
			buildSettings = {
				ALWAYS_SEARCH_USER_PATHS = NO;
				CLANG_ANALYZER_NONNULL = YES;
				CLANG_ANALYZER_NUMBER_OBJECT_CONVERSION = YES_AGGRESSIVE;
				CLANG_CXX_LANGUAGE_STANDARD = "gnu++14";
				CLANG_CXX_LIBRARY = "libc++";
				CLANG_ENABLE_MODULES = YES;
				CLANG_ENABLE_OBJC_ARC = YES;
				CLANG_ENABLE_OBJC_WEAK = YES;
				CLANG_WARN_BLOCK_CAPTURE_AUTORELEASING = YES;
				CLANG_WARN_BOOL_CONVERSION = YES;
				CLANG_WARN_COMMA = YES;
				CLANG_WARN_CONSTANT_CONVERSION = YES;
				CLANG_WARN_DEPRECATED_OBJC_IMPLEMENTATIONS = YES;
				CLANG_WARN_DIRECT_OBJC_ISA_USAGE = YES_ERROR;
				CLANG_WARN_DOCUMENTATION_COMMENTS = YES;
				CLANG_WARN_EMPTY_BODY = YES;
				CLANG_WARN_ENUM_CONVERSION = YES;
				CLANG_WARN_INFINITE_RECURSION = YES;
				CLANG_WARN_INT_CONVERSION = YES;
				CLANG_WARN_NON_LITERAL_NULL_CONVERSION = YES;
				CLANG_WARN_OBJC_IMPLICIT_RETAIN_SELF = YES;
				CLANG_WARN_OBJC_LITERAL_CONVERSION = YES;
				CLANG_WARN_OBJC_ROOT_CLASS = YES_ERROR;
				CLANG_WARN_RANGE_LOOP_ANALYSIS = YES;
				CLANG_WARN_STRICT_PROTOTYPES = YES;
				CLANG_WARN_SUSPICIOUS_MOVE = YES;
				CLANG_WARN_UNGUARDED_AVAILABILITY = YES_AGGRESSIVE;
				CLANG_WARN_UNREACHABLE_CODE = YES;
				CLANG_WARN__DUPLICATE_METHOD_MATCH = YES;
				COPY_PHASE_STRIP = NO;
				DEBUG_INFORMATION_FORMAT = "dwarf-with-dsym";
				ENABLE_NS_ASSERTIONS = NO;
				ENABLE_STRICT_OBJC_MSGSEND = YES;
				GCC_C_LANGUAGE_STANDARD = gnu11;
				GCC_NO_COMMON_BLOCKS = YES;
				GCC_WARN_64_TO_32_BIT_CONVERSION = YES;
				GCC_WARN_ABOUT_RETURN_TYPE = YES_ERROR;
				GCC_WARN_UNDECLARED_SELECTOR = YES;
				GCC_WARN_UNINITIALIZED_AUTOS = YES_AGGRESSIVE;
				GCC_WARN_UNUSED_FUNCTION = YES;
				GCC_WARN_UNUSED_VARIABLE = YES;
				IPHONEOS_DEPLOYMENT_TARGET = 13.0;
				MTL_ENABLE_DEBUG_INFO = NO;
				MTL_FAST_MATH = YES;
				SDKROOT = iphoneos;
				SWIFT_COMPILATION_MODE = wholemodule;
				SWIFT_OPTIMIZATION_LEVEL = "-O";
				VALIDATE_PRODUCT = YES;
			};
			name = Release;
		};
		B5136D1C23465ECC005AD936 /* Debug */ = {
			isa = XCBuildConfiguration;
			buildSettings = {
				ASSETCATALOG_COMPILER_APPICON_NAME = AppIcon;
				CODE_SIGN_STYLE = Automatic;
				DEVELOPMENT_TEAM = 84W8QG5399;
				INFOPLIST_FILE = Splitter/Info.plist;
				LD_RUNPATH_SEARCH_PATHS = (
					"$(inherited)",
					"@executable_path/Frameworks",
				);
				PRODUCT_BUNDLE_IDENTIFIER = com.createapps.Splitter;
				PRODUCT_NAME = "$(TARGET_NAME)";
				SWIFT_VERSION = 5.0;
				TARGETED_DEVICE_FAMILY = "1,2";
			};
			name = Debug;
		};
		B5136D1D23465ECC005AD936 /* Release */ = {
			isa = XCBuildConfiguration;
			buildSettings = {
				ASSETCATALOG_COMPILER_APPICON_NAME = AppIcon;
				CODE_SIGN_STYLE = Automatic;
				DEVELOPMENT_TEAM = 84W8QG5399;
				INFOPLIST_FILE = Splitter/Info.plist;
				LD_RUNPATH_SEARCH_PATHS = (
					"$(inherited)",
					"@executable_path/Frameworks",
				);
				PRODUCT_BUNDLE_IDENTIFIER = com.createapps.Splitter;
				PRODUCT_NAME = "$(TARGET_NAME)";
				SWIFT_VERSION = 5.0;
				TARGETED_DEVICE_FAMILY = "1,2";
			};
			name = Release;
		};
/* End XCBuildConfiguration section */

/* Begin XCConfigurationList section */
		B5136D0023465ECB005AD936 /* Build configuration list for PBXProject "Splitter" */ = {
			isa = XCConfigurationList;
			buildConfigurations = (
				B5136D1923465ECC005AD936 /* Debug */,
				B5136D1A23465ECC005AD936 /* Release */,
			);
			defaultConfigurationIsVisible = 0;
			defaultConfigurationName = Release;
		};
		B5136D1B23465ECC005AD936 /* Build configuration list for PBXNativeTarget "Splitter" */ = {
			isa = XCConfigurationList;
			buildConfigurations = (
				B5136D1C23465ECC005AD936 /* Debug */,
				B5136D1D23465ECC005AD936 /* Release */,
			);
			defaultConfigurationIsVisible = 0;
			defaultConfigurationName = Release;
		};
/* End XCConfigurationList section */
	};
	rootObject = B5136CFD23465ECB005AD936 /* Project object */;
}
